PODS:
  - Cuckoo (1.1.1)
  - Nimble (8.0.2)
  - Quick (2.1.0)
  - Realm (3.17.3):
    - Realm/Headers (= 3.17.3)
  - Realm/Headers (3.17.3)
  - RealmSwift (3.17.3):
    - Realm (= 3.17.3)
  - RxCocoa (5.0.0):
    - RxRelay (~> 5)
    - RxSwift (~> 5)
  - RxRelay (5.0.0):
    - RxSwift (~> 5)
  - RxSwift (5.0.0)
  - RxSwiftExt (5.0.0):
    - RxSwiftExt/Core (= 5.0.0)
    - RxSwiftExt/RxCocoa (= 5.0.0)
  - RxSwiftExt/Core (5.0.0):
    - RxSwift (~> 5.0)
  - RxSwiftExt/RxCocoa (5.0.0):
    - RxCocoa (~> 5.0)
    - RxSwiftExt/Core
  - RxTest (5.0.0):
    - RxSwift (~> 5)
  - SnapKit (5.0.1)
  - Swinject (2.6.2)
  - SwinjectAutoregistration (2.6.0):
    - Swinject (~> 2.6)

DEPENDENCIES:
  - Cuckoo (= 1.1.1)
  - Nimble (= 8.0.2)
  - Quick (= 2.1.0)
  - RealmSwift (= 3.17.3)
  - RxCocoa (= 5.0.0)
  - RxSwift (= 5.0.0)
  - RxSwiftExt (= 5.0.0)
  - RxTest (= 5.0.0)
  - SnapKit (= 5.0.1)
  - Swinject (= 2.6.2)
  - SwinjectAutoregistration (= 2.6.0)

SPEC REPOS:
  https://github.com/cocoapods/specs.git:
    - Cuckoo
    - Nimble
    - Quick
    - Realm
    - RealmSwift
    - RxCocoa
    - RxRelay
    - RxSwift
    - RxSwiftExt
    - RxTest
    - SnapKit
    - Swinject
    - SwinjectAutoregistration

SPEC CHECKSUMS:
  Cuckoo: 6193c50e46403cc9417aa98752671a2a5ae6f3a6
  Nimble: 622629381bda1dd5678162f21f1368cec7cbba60
  Quick: 4be43f6634acfa727dd106bdf3929ce125ffa79d
  Realm: 5a1d9d47bfc101dd597668b1a8af4288a2557f6d
  RealmSwift: b7fdc2d18616621c31df5c7a398a45a2163f8eb0
  RxCocoa: fcf32050ac00d801f34a7f71d5e8e7f23026dcd8
  RxRelay: 4f7409406a51a55cd88483f21ed898c234d60f18
  RxSwift: 8b0671caa829a763bbce7271095859121cbd895f
  RxSwiftExt: 4564187392cc53823ef241fa4a11647861567026
  RxTest: 4349afe98f564e0a9bc19063368904622d17d49a
  SnapKit: 97b92857e3df3a0c71833cce143274bf6ef8e5eb
  Swinject: cf7458774b1b00323080a9c67e47a1ee7f9d2af1
  SwinjectAutoregistration: 93a908f7543c401b0c315305ac0ae501efdbce89

PODFILE CHECKSUM: 2f21c71439672d00157eea5e7344f21800d75b46

COCOAPODS: 1.6.1
